{
    "hash": "8bc9d538c2b91a1effe8d17611c3082e",
    "packages": [
        {
            "name": "colinmollenhour/modman",
            "version": "dev-v1.6.1",
            "source": {
                "type": "git",
                "url": "git@github.com:quafzi/modman.git",
                "reference": "4da34bff77768a0baccae574ef3af9b24552351c"
            },
            "dist": {
                "type": "zip",
                "url": "https://api.github.com/repos/quafzi/modman/zipball/5586544d2484917a836d60f8ad841326146b82da",
                "reference": "5586544d2484917a836d60f8ad841326146b82da",
                "shasum": ""
            },
            "time": "2012-12-21 10:38:36",
            "type": "library",
            "installation-source": "source",
            "authors": [
                {
                    "name": "Colin Mollenhour"
                }
            ],
            "description": "Magento Module Manager",
            "support": {
                "source": "https://github.com/quafzi/modman/tree/master"
            }
        },
        {
            "name": "symfony/class-loader",
            "version": "2.0.x-dev",
            "target-dir": "Symfony/Component/ClassLoader",
            "source": {
                "type": "git",
                "url": "https://github.com/symfony/ClassLoader",
                "reference": "v2.0.19"
            },
            "dist": {
                "type": "zip",
                "url": "https://github.com/symfony/ClassLoader/archive/v2.0.19.zip",
                "reference": "v2.0.19",
                "shasum": ""
            },
            "require": {
                "php": ">=5.3.2"
            },
            "time": "2012-10-27 15:55:46",
            "type": "library",
            "installation-source": "source",
            "autoload": {
                "psr-0": {
                    "Symfony\\Component\\ClassLoader": ""
                }
            },
            "notification-url": "https://packagist.org/downloads/",
            "license": [
                "MIT"
            ],
            "authors": [
                {
                    "name": "Fabien Potencier",
                    "email": "fabien@symfony.com"
                },
                {
                    "name": "Symfony Community",
                    "homepage": "http://symfony.com/contributors"
                }
            ],
            "description": "Symfony ClassLoader Component",
            "homepage": "http://symfony.com"
        },
        {
            "name": "symfony/console",
            "version": "2.0.x-dev",
            "target-dir": "Symfony/Component/Console",
            "source": {
                "type": "git",
                "url": "https://github.com/symfony/Console",
                "reference": "v2.0.19"
            },
            "dist": {
                "type": "zip",
                "url": "https://github.com/symfony/Console/archive/v2.0.19.zip",
                "reference": "v2.0.19",
                "shasum": ""
            },
            "require": {
                "php": ">=5.3.2"
            },
            "time": "2012-11-05 19:52:03",
            "type": "library",
            "installation-source": "source",
            "autoload": {
                "psr-0": {
                    "Symfony\\Component\\Console": ""
                }
            },
            "notification-url": "https://packagist.org/downloads/",
            "license": [
                "MIT"
            ],
            "authors": [
                {
                    "name": "Fabien Potencier",
                    "email": "fabien@symfony.com"
                },
                {
                    "name": "Symfony Community",
                    "homepage": "http://symfony.com/contributors"
                }
            ],
            "description": "Symfony Console Component",
            "homepage": "http://symfony.com"
        },
        {
            "name": "symfony/yaml",
            "version": "dev-master",
            "target-dir": "Symfony/Component/Yaml",
            "source": {
                "type": "git",
                "url": "https://github.com/symfony/Yaml",
                "reference": "365b4df7802b9bb93084d2cc9a51fe88b488f956"
            },
            "dist": {
                "type": "zip",
                "url": "https://github.com/symfony/Yaml/archive/365b4df7802b9bb93084d2cc9a51fe88b488f956.zip",
                "reference": "365b4df7802b9bb93084d2cc9a51fe88b488f956",
                "shasum": ""
            },
            "require": {
                "php": ">=5.3.3"
            },
            "time": "2012-12-19 07:09:49",
            "type": "library",
            "extra": {
                "branch-alias": {
                    "dev-master": "2.2-dev"
                }
            },
            "installation-source": "source",
            "autoload": {
                "psr-0": {
                    "Symfony\\Component\\Yaml\\": ""
                }
            },
            "notification-url": "https://packagist.org/downloads/",
            "license": [
                "MIT"
            ],
            "authors": [
                {
                    "name": "Fabien Potencier",
                    "email": "fabien@symfony.com"
                },
                {
                    "name": "Symfony Community",
                    "homepage": "http://symfony.com/contributors"
                }
            ],
            "description": "Symfony Yaml Component",
            "homepage": "http://symfony.com"
        }
    ],
    "packages-dev": null,
    "aliases": [

    ],
    "minimum-stability": "stable",
    "stability-flags": {
        "symfony/console": 20,
        "symfony/yaml": 20,
        "symfony/class-loader": 20,
        "colinmollenhour/modman": 20
    }
}
